// !$*UTF8*$!
{
	archiveVersion = 1;
	classes = {
	};
	objectVersion = 56;
	objects = {

/* Begin PBXBuildFile section */
		50EB9D092AE044FB000E538E /* WeatherManager.swift in Sources */ = {isa = PBXBuildFile; fileRef = 50EB9D082AE044FB000E538E /* WeatherManager.swift */; };
		50EB9D0B2AE06653000E538E /* WeatherData.swift in Sources */ = {isa = PBXBuildFile; fileRef = 50EB9D0A2AE06653000E538E /* WeatherData.swift */; };
		50F253112AE4038D0047403A /* WeatherModel.swift in Sources */ = {isa = PBXBuildFile; fileRef = 50F253102AE4038D0047403A /* WeatherModel.swift */; };
		50F43C782ADDCFF8000112FE /* AppDelegate.swift in Sources */ = {isa = PBXBuildFile; fileRef = 50F43C772ADDCFF8000112FE /* AppDelegate.swift */; };
		50F43C7A2ADDCFF8000112FE /* SceneDelegate.swift in Sources */ = {isa = PBXBuildFile; fileRef = 50F43C792ADDCFF8000112FE /* SceneDelegate.swift */; };
		50F43C7C2ADDCFF8000112FE /* WeatherViewController.swift in Sources */ = {isa = PBXBuildFile; fileRef = 50F43C7B2ADDCFF8000112FE /* WeatherViewController.swift */; };
		50F43C7F2ADDCFF8000112FE /* Main.storyboard in Resources */ = {isa = PBXBuildFile; fileRef = 50F43C7D2ADDCFF8000112FE /* Main.storyboard */; };
		50F43C812ADDCFFA000112FE /* Assets.xcassets in Resources */ = {isa = PBXBuildFile; fileRef = 50F43C802ADDCFFA000112FE /* Assets.xcassets */; };
		50F43C842ADDCFFA000112FE /* LaunchScreen.storyboard in Resources */ = {isa = PBXBuildFile; fileRef = 50F43C822ADDCFFA000112FE /* LaunchScreen.storyboard */; };
/* End PBXBuildFile section */

/* Begin PBXFileReference section */
		50EB9D082AE044FB000E538E /* WeatherManager.swift */ = {isa = PBXFileReference; lastKnownFileType = sourcecode.swift; path = WeatherManager.swift; sourceTree = "<group>"; };
		50EB9D0A2AE06653000E538E /* WeatherData.swift */ = {isa = PBXFileReference; lastKnownFileType = sourcecode.swift; path = WeatherData.swift; sourceTree = "<group>"; };
		50F253102AE4038D0047403A /* WeatherModel.swift */ = {isa = PBXFileReference; lastKnownFileType = sourcecode.swift; path = WeatherModel.swift; sourceTree = "<group>"; };
		50F43C742ADDCFF8000112FE /* WeatherWhisper.app */ = {isa = PBXFileReference; explicitFileType = wrapper.application; includeInIndex = 0; path = WeatherWhisper.app; sourceTree = BUILT_PRODUCTS_DIR; };
		50F43C772ADDCFF8000112FE /* AppDelegate.swift */ = {isa = PBXFileReference; lastKnownFileType = sourcecode.swift; path = AppDelegate.swift; sourceTree = "<group>"; };
		50F43C792ADDCFF8000112FE /* SceneDelegate.swift */ = {isa = PBXFileReference; lastKnownFileType = sourcecode.swift; path = SceneDelegate.swift; sourceTree = "<group>"; };
		50F43C7B2ADDCFF8000112FE /* WeatherViewController.swift */ = {isa = PBXFileReference; lastKnownFileType = sourcecode.swift; path = WeatherViewController.swift; sourceTree = "<group>"; };
		50F43C7E2ADDCFF8000112FE /* Base */ = {isa = PBXFileReference; lastKnownFileType = file.storyboard; name = Base; path = Base.lproj/Main.storyboard; sourceTree = "<group>"; };
		50F43C802ADDCFFA000112FE /* Assets.xcassets */ = {isa = PBXFileReference; lastKnownFileType = folder.assetcatalog; path = Assets.xcassets; sourceTree = "<group>"; };
		50F43C832ADDCFFA000112FE /* Base */ = {isa = PBXFileReference; lastKnownFileType = file.storyboard; name = Base; path = Base.lproj/LaunchScreen.storyboard; sourceTree = "<group>"; };
		50F43C852ADDCFFA000112FE /* Info.plist */ = {isa = PBXFileReference; lastKnownFileType = text.plist.xml; path = Info.plist; sourceTree = "<group>"; };
/* End PBXFileReference section */

/* Begin PBXFrameworksBuildPhase section */
		50F43C712ADDCFF8000112FE /* Frameworks */ = {
			isa = PBXFrameworksBuildPhase;
			buildActionMask = 2147483647;
			files = (
			);
			runOnlyForDeploymentPostprocessing = 0;
		};
/* End PBXFrameworksBuildPhase section */

/* Begin PBXGroup section */
		50EB9D052AE0443C000E538E /* Controllers */ = {
			isa = PBXGroup;
			children = (
				50F43C7B2ADDCFF8000112FE /* WeatherViewController.swift */,
			);
			path = Controllers;
			sourceTree = "<group>";
		};
		50EB9D062AE04449000E538E /* Views */ = {
			isa = PBXGroup;
			children = (
				50F43C7D2ADDCFF8000112FE /* Main.storyboard */,
			);
			path = Views;
			sourceTree = "<group>";
		};
		50EB9D072AE04454000E538E /* Model */ = {
			isa = PBXGroup;
			children = (
				50EB9D082AE044FB000E538E /* WeatherManager.swift */,
				50EB9D0A2AE06653000E538E /* WeatherData.swift */,
				50F253102AE4038D0047403A /* WeatherModel.swift */,
			);
			path = Model;
			sourceTree = "<group>";
		};
		50F43C6B2ADDCFF8000112FE = {
			isa = PBXGroup;
			children = (
				50F43C762ADDCFF8000112FE /* WeatherWhisper */,
				50F43C752ADDCFF8000112FE /* Products */,
			);
			sourceTree = "<group>";
		};
		50F43C752ADDCFF8000112FE /* Products */ = {
			isa = PBXGroup;
			children = (
				50F43C742ADDCFF8000112FE /* WeatherWhisper.app */,
			);
			name = Products;
			sourceTree = "<group>";
		};
		50F43C762ADDCFF8000112FE /* WeatherWhisper */ = {
			isa = PBXGroup;
			children = (
				50F43C772ADDCFF8000112FE /* AppDelegate.swift */,
				50F43C792ADDCFF8000112FE /* SceneDelegate.swift */,
				50EB9D072AE04454000E538E /* Model */,
				50EB9D062AE04449000E538E /* Views */,
				50EB9D052AE0443C000E538E /* Controllers */,
				50F43C802ADDCFFA000112FE /* Assets.xcassets */,
				50F43C822ADDCFFA000112FE /* LaunchScreen.storyboard */,
				50F43C852ADDCFFA000112FE /* Info.plist */,
			);
			path = WeatherWhisper;
			sourceTree = "<group>";
		};
/* End PBXGroup section */

/* Begin PBXNativeTarget section */
		50F43C732ADDCFF8000112FE /* WeatherWhisper */ = {
			isa = PBXNativeTarget;
			buildConfigurationList = 50F43C882ADDCFFA000112FE /* Build configuration list for PBXNativeTarget "WeatherWhisper" */;
			buildPhases = (
				50F43C702ADDCFF8000112FE /* Sources */,
				50F43C712ADDCFF8000112FE /* Frameworks */,
				50F43C722ADDCFF8000112FE /* Resources */,
			);
			buildRules = (
			);
			dependencies = (
			);
			name = WeatherWhisper;
			productName = WeatherWhisper;
			productReference = 50F43C742ADDCFF8000112FE /* WeatherWhisper.app */;
			productType = "com.apple.product-type.application";
		};
/* End PBXNativeTarget section */

/* Begin PBXProject section */
		50F43C6C2ADDCFF8000112FE /* Project object */ = {
			isa = PBXProject;
			attributes = {
				BuildIndependentTargetsInParallel = 1;
				LastSwiftUpdateCheck = 1420;
				LastUpgradeCheck = 1420;
				TargetAttributes = {
					50F43C732ADDCFF8000112FE = {
						CreatedOnToolsVersion = 14.2;
					};
				};
			};
			buildConfigurationList = 50F43C6F2ADDCFF8000112FE /* Build configuration list for PBXProject "WeatherWhisper" */;
			compatibilityVersion = "Xcode 14.0";
			developmentRegion = en;
			hasScannedForEncodings = 0;
			knownRegions = (
				en,
				Base,
			);
			mainGroup = 50F43C6B2ADDCFF8000112FE;
			productRefGroup = 50F43C752ADDCFF8000112FE /* Products */;
			projectDirPath = "";
			projectRoot = "";
			targets = (
				50F43C732ADDCFF8000112FE /* WeatherWhisper */,
			);
		};
/* End PBXProject section */

/* Begin PBXResourcesBuildPhase section */
		50F43C722ADDCFF8000112FE /* Resources */ = {
			isa = PBXResourcesBuildPhase;
			buildActionMask = 2147483647;
			files = (
				50F43C842ADDCFFA000112FE /* LaunchScreen.storyboard in Resources */,
				50F43C812ADDCFFA000112FE /* Assets.xcassets in Resources */,
				50F43C7F2ADDCFF8000112FE /* Main.storyboard in Resources */,
			);
			runOnlyForDeploymentPostprocessing = 0;
		};
/* End PBXResourcesBuildPhase section */

/* Begin PBXSourcesBuildPhase section */
		50F43C702ADDCFF8000112FE /* Sources */ = {
			isa = PBXSourcesBuildPhase;
			buildActionMask = 2147483647;
			files = (
				50F43C7C2ADDCFF8000112FE /* WeatherViewController.swift in Sources */,
				50EB9D0B2AE06653000E538E /* WeatherData.swift in Sources */,
				50F43C782ADDCFF8000112FE /* AppDelegate.swift in Sources */,
				50EB9D092AE044FB000E538E /* WeatherManager.swift in Sources */,
				50F253112AE4038D0047403A /* WeatherModel.swift in Sources */,
				50F43C7A2ADDCFF8000112FE /* SceneDelegate.swift in Sources */,
			);
			runOnlyForDeploymentPostprocessing = 0;
		};
/* End PBXSourcesBuildPhase section */

/* Begin PBXVariantGroup section */
		50F43C7D2ADDCFF8000112FE /* Main.storyboard */ = {
			isa = PBXVariantGroup;
			children = (
				50F43C7E2ADDCFF8000112FE /* Base */,
			);
			name = Main.storyboard;
			sourceTree = "<group>";
		};
		50F43C822ADDCFFA000112FE /* LaunchScreen.storyboard */ = {
			isa = PBXVariantGroup;
			children = (
				50F43C832ADDCFFA000112FE /* Base */,
			);
			name = LaunchScreen.storyboard;
			sourceTree = "<group>";
		};
/* End PBXVariantGroup section */

/* Begin XCBuildConfiguration section */
		50F43C862ADDCFFA000112FE /* Debug */ = {
			isa = XCBuildConfiguration;
			buildSettings = {
				ALWAYS_SEARCH_USER_PATHS = NO;
				CLANG_ANALYZER_NONNULL = YES;
				CLANG_ANALYZER_NUMBER_OBJECT_CONVERSION = YES_AGGRESSIVE;
				CLANG_CXX_LANGUAGE_STANDARD = "gnu++20";
				CLANG_ENABLE_MODULES = YES;
				CLANG_ENABLE_OBJC_ARC = YES;
				CLANG_ENABLE_OBJC_WEAK = YES;
				CLANG_WARN_BLOCK_CAPTURE_AUTORELEASING = YES;
				CLANG_WARN_BOOL_CONVERSION = YES;
				CLANG_WARN_COMMA = YES;
				CLANG_WARN_CONSTANT_CONVERSION = YES;
				CLANG_WARN_DEPRECATED_OBJC_IMPLEMENTATIONS = YES;
				CLANG_WARN_DIRECT_OBJC_ISA_USAGE = YES_ERROR;
				CLANG_WARN_DOCUMENTATION_COMMENTS = YES;
				CLANG_WARN_EMPTY_BODY = YES;
				CLANG_WARN_ENUM_CONVERSION = YES;
				CLANG_WARN_INFINITE_RECURSION = YES;
				CLANG_WARN_INT_CONVERSION = YES;
				CLANG_WARN_NON_LITERAL_NULL_CONVERSION = YES;
				CLANG_WARN_OBJC_IMPLICIT_RETAIN_SELF = YES;
				CLANG_WARN_OBJC_LITERAL_CONVERSION = YES;
				CLANG_WARN_OBJC_ROOT_CLASS = YES_ERROR;
				CLANG_WARN_QUOTED_INCLUDE_IN_FRAMEWORK_HEADER = YES;
				CLANG_WARN_RANGE_LOOP_ANALYSIS = YES;
				CLANG_WARN_STRICT_PROTOTYPES = YES;
				CLANG_WARN_SUSPICIOUS_MOVE = YES;
				CLANG_WARN_UNGUARDED_AVAILABILITY = YES_AGGRESSIVE;
				CLANG_WARN_UNREACHABLE_CODE = YES;
				CLANG_WARN__DUPLICATE_METHOD_MATCH = YES;
				COPY_PHASE_STRIP = NO;
				DEBUG_INFORMATION_FORMAT = dwarf;
				ENABLE_STRICT_OBJC_MSGSEND = YES;
				ENABLE_TESTABILITY = YES;
				GCC_C_LANGUAGE_STANDARD = gnu11;
				GCC_DYNAMIC_NO_PIC = NO;
				GCC_NO_COMMON_BLOCKS = YES;
				GCC_OPTIMIZATION_LEVEL = 0;
				GCC_PREPROCESSOR_DEFINITIONS = (
					"DEBUG=1",
					"$(inherited)",
				);
				GCC_WARN_64_TO_32_BIT_CONVERSION = YES;
				GCC_WARN_ABOUT_RETURN_TYPE = YES_ERROR;
				GCC_WARN_UNDECLARED_SELECTOR = YES;
				GCC_WARN_UNINITIALIZED_AUTOS = YES_AGGRESSIVE;
				GCC_WARN_UNUSED_FUNCTION = YES;
				GCC_WARN_UNUSED_VARIABLE = YES;
				IPHONEOS_DEPLOYMENT_TARGET = 16.2;
				MTL_ENABLE_DEBUG_INFO = INCLUDE_SOURCE;
				MTL_FAST_MATH = YES;
				ONLY_ACTIVE_ARCH = YES;
				SDKROOT = iphoneos;
				SWIFT_ACTIVE_COMPILATION_CONDITIONS = DEBUG;
				SWIFT_OPTIMIZATION_LEVEL = "-Onone";
			};
			name = Debug;
		};
		50F43C872ADDCFFA000112FE /* Release */ = {
			isa = XCBuildConfiguration;
			buildSettings = {
				ALWAYS_SEARCH_USER_PATHS = NO;
				CLANG_ANALYZER_NONNULL = YES;
				CLANG_ANALYZER_NUMBER_OBJECT_CONVERSION = YES_AGGRESSIVE;
				CLANG_CXX_LANGUAGE_STANDARD = "gnu++20";
				CLANG_ENABLE_MODULES = YES;
				CLANG_ENABLE_OBJC_ARC = YES;
				CLANG_ENABLE_OBJC_WEAK = YES;
				CLANG_WARN_BLOCK_CAPTURE_AUTORELEASING = YES;
				CLANG_WARN_BOOL_CONVERSION = YES;
				CLANG_WARN_COMMA = YES;
				CLANG_WARN_CONSTANT_CONVERSION = YES;
				CLANG_WARN_DEPRECATED_OBJC_IMPLEMENTATIONS = YES;
				CLANG_WARN_DIRECT_OBJC_ISA_USAGE = YES_ERROR;
				CLANG_WARN_DOCUMENTATION_COMMENTS = YES;
				CLANG_WARN_EMPTY_BODY = YES;
				CLANG_WARN_ENUM_CONVERSION = YES;
				CLANG_WARN_INFINITE_RECURSION = YES;
				CLANG_WARN_INT_CONVERSION = YES;
				CLANG_WARN_NON_LITERAL_NULL_CONVERSION = YES;
				CLANG_WARN_OBJC_IMPLICIT_RETAIN_SELF = YES;
				CLANG_WARN_OBJC_LITERAL_CONVERSION = YES;
				CLANG_WARN_OBJC_ROOT_CLASS = YES_ERROR;
				CLANG_WARN_QUOTED_INCLUDE_IN_FRAMEWORK_HEADER = YES;
				CLANG_WARN_RANGE_LOOP_ANALYSIS = YES;
				CLANG_WARN_STRICT_PROTOTYPES = YES;
				CLANG_WARN_SUSPICIOUS_MOVE = YES;
				CLANG_WARN_UNGUARDED_AVAILABILITY = YES_AGGRESSIVE;
				CLANG_WARN_UNREACHABLE_CODE = YES;
				CLANG_WARN__DUPLICATE_METHOD_MATCH = YES;
				COPY_PHASE_STRIP = NO;
				DEBUG_INFORMATION_FORMAT = "dwarf-with-dsym";
				ENABLE_NS_ASSERTIONS = NO;
				ENABLE_STRICT_OBJC_MSGSEND = YES;
				GCC_C_LANGUAGE_STANDARD = gnu11;
				GCC_NO_COMMON_BLOCKS = YES;
				GCC_WARN_64_TO_32_BIT_CONVERSION = YES;
				GCC_WARN_ABOUT_RETURN_TYPE = YES_ERROR;
				GCC_WARN_UNDECLARED_SELECTOR = YES;
				GCC_WARN_UNINITIALIZED_AUTOS = YES_AGGRESSIVE;
				GCC_WARN_UNUSED_FUNCTION = YES;
				GCC_WARN_UNUSED_VARIABLE = YES;
				IPHONEOS_DEPLOYMENT_TARGET = 16.2;
				MTL_ENABLE_DEBUG_INFO = NO;
				MTL_FAST_MATH = YES;
				SDKROOT = iphoneos;
				SWIFT_COMPILATION_MODE = wholemodule;
				SWIFT_OPTIMIZATION_LEVEL = "-O";
				VALIDATE_PRODUCT = YES;
			};
			name = Release;
		};
		50F43C892ADDCFFA000112FE /* Debug */ = {
			isa = XCBuildConfiguration;
			buildSettings = {
				ASSETCATALOG_COMPILER_APPICON_NAME = AppIcon;
				ASSETCATALOG_COMPILER_GLOBAL_ACCENT_COLOR_NAME = AccentColor;
				CODE_SIGN_STYLE = Automatic;
				CURRENT_PROJECT_VERSION = 1;
				GENERATE_INFOPLIST_FILE = YES;
				INFOPLIST_FILE = WeatherWhisper/Info.plist;
				INFOPLIST_KEY_UIApplicationSupportsIndirectInputEvents = YES;
				INFOPLIST_KEY_UILaunchStoryboardName = LaunchScreen;
				INFOPLIST_KEY_UIMainStoryboardFile = Main;
				INFOPLIST_KEY_UISupportedInterfaceOrientations_iPad = "UIInterfaceOrientationPortrait UIInterfaceOrientationPortraitUpsideDown UIInterfaceOrientationLandscapeLeft UIInterfaceOrientationLandscapeRight";
				INFOPLIST_KEY_UISupportedInterfaceOrientations_iPhone = "UIInterfaceOrientationPortrait UIInterfaceOrientationLandscapeLeft UIInterfaceOrientationLandscapeRight";
				LD_RUNPATH_SEARCH_PATHS = (
					"$(inherited)",
					"@executable_path/Frameworks",
				);
				MARKETING_VERSION = 1.0;
				PRODUCT_BUNDLE_IDENTIFIER = com.aaraiz.WeatherWhisper;
				PRODUCT_NAME = "$(TARGET_NAME)";
				SWIFT_EMIT_LOC_STRINGS = YES;
				SWIFT_VERSION = 5.0;
				TARGETED_DEVICE_FAMILY = "1,2";
			};
			name = Debug;
		};
		50F43C8A2ADDCFFA000112FE /* Release */ = {
			isa = XCBuildConfiguration;
			buildSettings = {
				ASSETCATALOG_COMPILER_APPICON_NAME = AppIcon;
				ASSETCATALOG_COMPILER_GLOBAL_ACCENT_COLOR_NAME = AccentColor;
				CODE_SIGN_STYLE = Automatic;
				CURRENT_PROJECT_VERSION = 1;
				GENERATE_INFOPLIST_FILE = YES;
				INFOPLIST_FILE = WeatherWhisper/Info.plist;
				INFOPLIST_KEY_UIApplicationSupportsIndirectInputEvents = YES;
				INFOPLIST_KEY_UILaunchStoryboardName = LaunchScreen;
				INFOPLIST_KEY_UIMainStoryboardFile = Main;
				INFOPLIST_KEY_UISupportedInterfaceOrientations_iPad = "UIInterfaceOrientationPortrait UIInterfaceOrientationPortraitUpsideDown UIInterfaceOrientationLandscapeLeft UIInterfaceOrientationLandscapeRight";
				INFOPLIST_KEY_UISupportedInterfaceOrientations_iPhone = "UIInterfaceOrientationPortrait UIInterfaceOrientationLandscapeLeft UIInterfaceOrientationLandscapeRight";
				LD_RUNPATH_SEARCH_PATHS = (
					"$(inherited)",
					"@executable_path/Frameworks",
				);
				MARKETING_VERSION = 1.0;
				PRODUCT_BUNDLE_IDENTIFIER = com.aaraiz.WeatherWhisper;
				PRODUCT_NAME = "$(TARGET_NAME)";
				SWIFT_EMIT_LOC_STRINGS = YES;
				SWIFT_VERSION = 5.0;
				TARGETED_DEVICE_FAMILY = "1,2";
			};
			name = Release;
		};
/* End XCBuildConfiguration section */

/* Begin XCConfigurationList section */
		50F43C6F2ADDCFF8000112FE /* Build configuration list for PBXProject "WeatherWhisper" */ = {
			isa = XCConfigurationList;
			buildConfigurations = (
				50F43C862ADDCFFA000112FE /* Debug */,
				50F43C872ADDCFFA000112FE /* Release */,
			);
			defaultConfigurationIsVisible = 0;
			defaultConfigurationName = Release;
		};
		50F43C882ADDCFFA000112FE /* Build configuration list for PBXNativeTarget "WeatherWhisper" */ = {
			isa = XCConfigurationList;
			buildConfigurations = (
				50F43C892ADDCFFA000112FE /* Debug */,
				50F43C8A2ADDCFFA000112FE /* Release */,
			);
			defaultConfigurationIsVisible = 0;
			defaultConfigurationName = Release;
		};
/* End XCConfigurationList section */
	};
	rootObject = 50F43C6C2ADDCFF8000112FE /* Project object */;
}
